// !$*UTF8*$!
{
	archiveVersion = 1;
	classes = {
	};
	objectVersion = 56;
	objects = {

/* Begin PBXBuildFile section */
		AD48D9A42BEACA84003C34C6 /* Animation.swift in Sources */ = {isa = PBXBuildFile; fileRef = AD48D99F2BEACA84003C34C6 /* Animation.swift */; };
		AD48D9A52BEACA84003C34C6 /* GameView.swift in Sources */ = {isa = PBXBuildFile; fileRef = AD48D9A02BEACA84003C34C6 /* GameView.swift */; };
		AD48D9A62BEACA84003C34C6 /* GameModel.swift in Sources */ = {isa = PBXBuildFile; fileRef = AD48D9A12BEACA84003C34C6 /* GameModel.swift */; };
		AD48D9A72BEACA84003C34C6 /* PreferenceKey.swift in Sources */ = {isa = PBXBuildFile; fileRef = AD48D9A22BEACA84003C34C6 /* PreferenceKey.swift */; };
		AD48D9AA2BEACBE4003C34C6 /* StatisticsView.swift in Sources */ = {isa = PBXBuildFile; fileRef = AD48D9A92BEACBE4003C34C6 /* StatisticsView.swift */; };
		AD8054152BE815A100046255 /* DogHousesApp.swift in Sources */ = {isa = PBXBuildFile; fileRef = AD8054142BE815A100046255 /* DogHousesApp.swift */; };
		AD8054172BE815A100046255 /* SplashView.swift in Sources */ = {isa = PBXBuildFile; fileRef = AD8054162BE815A100046255 /* SplashView.swift */; };
		AD8054192BE815A200046255 /* Assets.xcassets in Resources */ = {isa = PBXBuildFile; fileRef = AD8054182BE815A200046255 /* Assets.xcassets */; };
		AD80541C2BE815A200046255 /* Preview Assets.xcassets in Resources */ = {isa = PBXBuildFile; fileRef = AD80541B2BE815A200046255 /* Preview Assets.xcassets */; };
		AD8054242BE81CCF00046255 /* FirebaseAnalytics in Frameworks */ = {isa = PBXBuildFile; productRef = AD8054232BE81CCF00046255 /* FirebaseAnalytics */; };
		AD8054262BE81CCF00046255 /* FirebaseCrashlytics in Frameworks */ = {isa = PBXBuildFile; productRef = AD8054252BE81CCF00046255 /* FirebaseCrashlytics */; };
		AD8054282BE81CCF00046255 /* FirebaseMessaging in Frameworks */ = {isa = PBXBuildFile; productRef = AD8054272BE81CCF00046255 /* FirebaseMessaging */; };
		AD80542A2BE81CCF00046255 /* FirebaseRemoteConfig in Frameworks */ = {isa = PBXBuildFile; productRef = AD8054292BE81CCF00046255 /* FirebaseRemoteConfig */; };
		AD80542C2BE81CE900046255 /* GoogleService-Info.plist in Resources */ = {isa = PBXBuildFile; fileRef = AD80542B2BE81CE900046255 /* GoogleService-Info.plist */; };
		AD81CF682BEC360000641EFA /* UserDefaultKeys.swift in Sources */ = {isa = PBXBuildFile; fileRef = AD81CF672BEC360000641EFA /* UserDefaultKeys.swift */; };
		AD81CF742BED67DD00641EFA /* PrivacyInfo.xcprivacy in Resources */ = {isa = PBXBuildFile; fileRef = AD81CF732BED67DC00641EFA /* PrivacyInfo.xcprivacy */; };
		AD9798BF2BE97FF9006BB974 /* AdditionalView.swift in Sources */ = {isa = PBXBuildFile; fileRef = AD9798BE2BE97FF9006BB974 /* AdditionalView.swift */; };
		AD9798C12BE980CE006BB974 /* SiteView.swift in Sources */ = {isa = PBXBuildFile; fileRef = AD9798C02BE980CE006BB974 /* SiteView.swift */; };
		ADB14F1D2BE9703A0054E42E /* AppDelegate.swift in Sources */ = {isa = PBXBuildFile; fileRef = ADB14F1C2BE9703A0054E42E /* AppDelegate.swift */; };
		ADB14F232BE971B20054E42E /* AppDelegate+FCM.swift in Sources */ = {isa = PBXBuildFile; fileRef = ADB14F222BE971B20054E42E /* AppDelegate+FCM.swift */; };
		ADB14F252BE971DC0054E42E /* AppDelegate+NCDelegate.swift in Sources */ = {isa = PBXBuildFile; fileRef = ADB14F242BE971DC0054E42E /* AppDelegate+NCDelegate.swift */; };
		ADB14F282BE972300054E42E /* Config.swift in Sources */ = {isa = PBXBuildFile; fileRef = ADB14F272BE972300054E42E /* Config.swift */; };
		ADB14F2B2BE972820054E42E /* ConfigKeys.swift in Sources */ = {isa = PBXBuildFile; fileRef = ADB14F2A2BE972820054E42E /* ConfigKeys.swift */; };
		ADB14F2D2BE974810054E42E /* MainView.swift in Sources */ = {isa = PBXBuildFile; fileRef = ADB14F2C2BE974810054E42E /* MainView.swift */; };
/* End PBXBuildFile section */

/* Begin PBXFileReference section */
		AD48D99F2BEACA84003C34C6 /* Animation.swift */ = {isa = PBXFileReference; fileEncoding = 4; lastKnownFileType = sourcecode.swift; path = Animation.swift; sourceTree = "<group>"; };
		AD48D9A02BEACA84003C34C6 /* GameView.swift */ = {isa = PBXFileReference; fileEncoding = 4; lastKnownFileType = sourcecode.swift; path = GameView.swift; sourceTree = "<group>"; };
		AD48D9A12BEACA84003C34C6 /* GameModel.swift */ = {isa = PBXFileReference; fileEncoding = 4; lastKnownFileType = sourcecode.swift; path = GameModel.swift; sourceTree = "<group>"; };
		AD48D9A22BEACA84003C34C6 /* PreferenceKey.swift */ = {isa = PBXFileReference; fileEncoding = 4; lastKnownFileType = sourcecode.swift; path = PreferenceKey.swift; sourceTree = "<group>"; };
		AD48D9A92BEACBE4003C34C6 /* StatisticsView.swift */ = {isa = PBXFileReference; lastKnownFileType = sourcecode.swift; path = StatisticsView.swift; sourceTree = "<group>"; };
		AD8054112BE815A100046255 /* DogHouses.app */ = {isa = PBXFileReference; explicitFileType = wrapper.application; includeInIndex = 0; path = DogHouses.app; sourceTree = BUILT_PRODUCTS_DIR; };
		AD8054142BE815A100046255 /* DogHousesApp.swift */ = {isa = PBXFileReference; lastKnownFileType = sourcecode.swift; path = DogHousesApp.swift; sourceTree = "<group>"; };
		AD8054162BE815A100046255 /* SplashView.swift */ = {isa = PBXFileReference; lastKnownFileType = sourcecode.swift; path = SplashView.swift; sourceTree = "<group>"; };
		AD8054182BE815A200046255 /* Assets.xcassets */ = {isa = PBXFileReference; lastKnownFileType = folder.assetcatalog; path = Assets.xcassets; sourceTree = "<group>"; };
		AD80541B2BE815A200046255 /* Preview Assets.xcassets */ = {isa = PBXFileReference; lastKnownFileType = folder.assetcatalog; path = "Preview Assets.xcassets"; sourceTree = "<group>"; };
		AD80542B2BE81CE900046255 /* GoogleService-Info.plist */ = {isa = PBXFileReference; fileEncoding = 4; lastKnownFileType = text.plist.xml; path = "GoogleService-Info.plist"; sourceTree = "<group>"; };
		AD81CF642BEC156F00641EFA /* DogHouses.entitlements */ = {isa = PBXFileReference; lastKnownFileType = text.plist.entitlements; path = DogHouses.entitlements; sourceTree = "<group>"; };
		AD81CF652BEC158E00641EFA /* Info.plist */ = {isa = PBXFileReference; lastKnownFileType = text.plist; path = Info.plist; sourceTree = "<group>"; };
		AD81CF672BEC360000641EFA /* UserDefaultKeys.swift */ = {isa = PBXFileReference; lastKnownFileType = sourcecode.swift; path = UserDefaultKeys.swift; sourceTree = "<group>"; };
		AD81CF732BED67DC00641EFA /* PrivacyInfo.xcprivacy */ = {isa = PBXFileReference; fileEncoding = 4; lastKnownFileType = text.xml; path = PrivacyInfo.xcprivacy; sourceTree = "<group>"; };
		AD9798BE2BE97FF9006BB974 /* AdditionalView.swift */ = {isa = PBXFileReference; lastKnownFileType = sourcecode.swift; path = AdditionalView.swift; sourceTree = "<group>"; };
		AD9798C02BE980CE006BB974 /* SiteView.swift */ = {isa = PBXFileReference; lastKnownFileType = sourcecode.swift; path = SiteView.swift; sourceTree = "<group>"; };
		ADB14F1C2BE9703A0054E42E /* AppDelegate.swift */ = {isa = PBXFileReference; lastKnownFileType = sourcecode.swift; path = AppDelegate.swift; sourceTree = "<group>"; };
		ADB14F222BE971B20054E42E /* AppDelegate+FCM.swift */ = {isa = PBXFileReference; lastKnownFileType = sourcecode.swift; path = "AppDelegate+FCM.swift"; sourceTree = "<group>"; };
		ADB14F242BE971DC0054E42E /* AppDelegate+NCDelegate.swift */ = {isa = PBXFileReference; lastKnownFileType = sourcecode.swift; path = "AppDelegate+NCDelegate.swift"; sourceTree = "<group>"; };
		ADB14F272BE972300054E42E /* Config.swift */ = {isa = PBXFileReference; lastKnownFileType = sourcecode.swift; path = Config.swift; sourceTree = "<group>"; };
		ADB14F2A2BE972820054E42E /* ConfigKeys.swift */ = {isa = PBXFileReference; lastKnownFileType = sourcecode.swift; path = ConfigKeys.swift; sourceTree = "<group>"; };
		ADB14F2C2BE974810054E42E /* MainView.swift */ = {isa = PBXFileReference; lastKnownFileType = sourcecode.swift; path = MainView.swift; sourceTree = "<group>"; };
/* End PBXFileReference section */

/* Begin PBXFrameworksBuildPhase section */
		AD80540E2BE815A100046255 /* Frameworks */ = {
			isa = PBXFrameworksBuildPhase;
			buildActionMask = 2147483647;
			files = (
				AD8054282BE81CCF00046255 /* FirebaseMessaging in Frameworks */,
				AD8054242BE81CCF00046255 /* FirebaseAnalytics in Frameworks */,
				AD8054262BE81CCF00046255 /* FirebaseCrashlytics in Frameworks */,
				AD80542A2BE81CCF00046255 /* FirebaseRemoteConfig in Frameworks */,
			);
			runOnlyForDeploymentPostprocessing = 0;
		};
/* End PBXFrameworksBuildPhase section */

/* Begin PBXGroup section */
		AD48D99E2BEACA5C003C34C6 /* Game */ = {
			isa = PBXGroup;
			children = (
				AD48D99F2BEACA84003C34C6 /* Animation.swift */,
				AD48D9A02BEACA84003C34C6 /* GameView.swift */,
				AD48D9A12BEACA84003C34C6 /* GameModel.swift */,
				AD48D9A22BEACA84003C34C6 /* PreferenceKey.swift */,
			);
			path = Game;
			sourceTree = "<group>";
		};
		AD8054082BE815A100046255 = {
			isa = PBXGroup;
			children = (
				AD8054132BE815A100046255 /* DogHouses */,
				AD8054122BE815A100046255 /* Products */,
			);
			sourceTree = "<group>";
		};
		AD8054122BE815A100046255 /* Products */ = {
			isa = PBXGroup;
			children = (
				AD8054112BE815A100046255 /* DogHouses.app */,
			);
			name = Products;
			sourceTree = "<group>";
		};
		AD8054132BE815A100046255 /* DogHouses */ = {
			isa = PBXGroup;
			children = (
				AD81CF652BEC158E00641EFA /* Info.plist */,
				AD81CF642BEC156F00641EFA /* DogHouses.entitlements */,
				ADB14F262BE972210054E42E /* Models */,
				ADB14F202BE970680054E42E /* Project files */,
				ADB14F1F2BE970580054E42E /* Screens */,
				ADB14F1E2BE970520054E42E /* App */,
				AD80541A2BE815A200046255 /* Preview Content */,
			);
			path = DogHouses;
			sourceTree = "<group>";
		};
		AD80541A2BE815A200046255 /* Preview Content */ = {
			isa = PBXGroup;
			children = (
				AD80541B2BE815A200046255 /* Preview Assets.xcassets */,
			);
			path = "Preview Content";
			sourceTree = "<group>";
		};
		AD81CF662BEC35ED00641EFA /* UserDefaults */ = {
			isa = PBXGroup;
			children = (
				AD81CF672BEC360000641EFA /* UserDefaultKeys.swift */,
			);
			path = UserDefaults;
			sourceTree = "<group>";
		};
		ADB14F1E2BE970520054E42E /* App */ = {
			isa = PBXGroup;
			children = (
				AD8054142BE815A100046255 /* DogHousesApp.swift */,
				ADB14F212BE971920054E42E /* AppDelegate */,
			);
			path = App;
			sourceTree = "<group>";
		};
		ADB14F1F2BE970580054E42E /* Screens */ = {
			isa = PBXGroup;
			children = (
				AD48D99E2BEACA5C003C34C6 /* Game */,
				AD8054162BE815A100046255 /* SplashView.swift */,
				ADB14F2C2BE974810054E42E /* MainView.swift */,
				AD9798BE2BE97FF9006BB974 /* AdditionalView.swift */,
				AD9798C02BE980CE006BB974 /* SiteView.swift */,
				AD48D9A92BEACBE4003C34C6 /* StatisticsView.swift */,
			);
			path = Screens;
			sourceTree = "<group>";
		};
		ADB14F202BE970680054E42E /* Project files */ = {
			isa = PBXGroup;
			children = (
				AD81CF732BED67DC00641EFA /* PrivacyInfo.xcprivacy */,
				AD80542B2BE81CE900046255 /* GoogleService-Info.plist */,
				AD8054182BE815A200046255 /* Assets.xcassets */,
			);
			path = "Project files";
			sourceTree = "<group>";
		};
		ADB14F212BE971920054E42E /* AppDelegate */ = {
			isa = PBXGroup;
			children = (
				ADB14F1C2BE9703A0054E42E /* AppDelegate.swift */,
				ADB14F222BE971B20054E42E /* AppDelegate+FCM.swift */,
				ADB14F242BE971DC0054E42E /* AppDelegate+NCDelegate.swift */,
			);
			path = AppDelegate;
			sourceTree = "<group>";
		};
		ADB14F262BE972210054E42E /* Models */ = {
			isa = PBXGroup;
			children = (
				AD81CF662BEC35ED00641EFA /* UserDefaults */,
				ADB14F292BE9726E0054E42E /* Config */,
			);
			path = Models;
			sourceTree = "<group>";
		};
		ADB14F292BE9726E0054E42E /* Config */ = {
			isa = PBXGroup;
			children = (
				ADB14F272BE972300054E42E /* Config.swift */,
				ADB14F2A2BE972820054E42E /* ConfigKeys.swift */,
			);
			path = Config;
			sourceTree = "<group>";
		};
/* End PBXGroup section */

/* Begin PBXNativeTarget section */
		AD8054102BE815A100046255 /* DogHouses */ = {
			isa = PBXNativeTarget;
			buildConfigurationList = AD80541F2BE815A200046255 /* Build configuration list for PBXNativeTarget "DogHouses" */;
			buildPhases = (
				AD80540D2BE815A100046255 /* Sources */,
				AD80540E2BE815A100046255 /* Frameworks */,
				AD80540F2BE815A100046255 /* Resources */,
			);
			buildRules = (
			);
			dependencies = (
			);
			name = DogHouses;
			packageProductDependencies = (
				AD8054232BE81CCF00046255 /* FirebaseAnalytics */,
				AD8054252BE81CCF00046255 /* FirebaseCrashlytics */,
				AD8054272BE81CCF00046255 /* FirebaseMessaging */,
				AD8054292BE81CCF00046255 /* FirebaseRemoteConfig */,
			);
			productName = DogHouses;
			productReference = AD8054112BE815A100046255 /* DogHouses.app */;
			productType = "com.apple.product-type.application";
		};
/* End PBXNativeTarget section */

/* Begin PBXProject section */
		AD8054092BE815A100046255 /* Project object */ = {
			isa = PBXProject;
			attributes = {
				BuildIndependentTargetsInParallel = 1;
				LastSwiftUpdateCheck = 1530;
				LastUpgradeCheck = 1530;
				TargetAttributes = {
					AD8054102BE815A100046255 = {
						CreatedOnToolsVersion = 15.3;
					};
				};
			};
			buildConfigurationList = AD80540C2BE815A100046255 /* Build configuration list for PBXProject "DogHouses" */;
			compatibilityVersion = "Xcode 14.0";
			developmentRegion = en;
			hasScannedForEncodings = 0;
			knownRegions = (
				en,
				Base,
			);
			mainGroup = AD8054082BE815A100046255;
			packageReferences = (
				AD8054222BE81CCF00046255 /* XCRemoteSwiftPackageReference "firebase-ios-sdk" */,
			);
			productRefGroup = AD8054122BE815A100046255 /* Products */;
			projectDirPath = "";
			projectRoot = "";
			targets = (
				AD8054102BE815A100046255 /* DogHouses */,
			);
		};
/* End PBXProject section */

/* Begin PBXResourcesBuildPhase section */
		AD80540F2BE815A100046255 /* Resources */ = {
			isa = PBXResourcesBuildPhase;
			buildActionMask = 2147483647;
			files = (
				AD80541C2BE815A200046255 /* Preview Assets.xcassets in Resources */,
				AD8054192BE815A200046255 /* Assets.xcassets in Resources */,
				AD81CF742BED67DD00641EFA /* PrivacyInfo.xcprivacy in Resources */,
				AD80542C2BE81CE900046255 /* GoogleService-Info.plist in Resources */,
			);
			runOnlyForDeploymentPostprocessing = 0;
		};
/* End PBXResourcesBuildPhase section */

/* Begin PBXSourcesBuildPhase section */
		AD80540D2BE815A100046255 /* Sources */ = {
			isa = PBXSourcesBuildPhase;
			buildActionMask = 2147483647;
			files = (
				AD81CF682BEC360000641EFA /* UserDefaultKeys.swift in Sources */,
				AD48D9A42BEACA84003C34C6 /* Animation.swift in Sources */,
				ADB14F252BE971DC0054E42E /* AppDelegate+NCDelegate.swift in Sources */,
				ADB14F2D2BE974810054E42E /* MainView.swift in Sources */,
				ADB14F282BE972300054E42E /* Config.swift in Sources */,
				ADB14F2B2BE972820054E42E /* ConfigKeys.swift in Sources */,
				AD48D9AA2BEACBE4003C34C6 /* StatisticsView.swift in Sources */,
				ADB14F1D2BE9703A0054E42E /* AppDelegate.swift in Sources */,
				AD48D9A62BEACA84003C34C6 /* GameModel.swift in Sources */,
				AD9798BF2BE97FF9006BB974 /* AdditionalView.swift in Sources */,
				ADB14F232BE971B20054E42E /* AppDelegate+FCM.swift in Sources */,
				AD9798C12BE980CE006BB974 /* SiteView.swift in Sources */,
				AD48D9A72BEACA84003C34C6 /* PreferenceKey.swift in Sources */,
				AD8054172BE815A100046255 /* SplashView.swift in Sources */,
				AD48D9A52BEACA84003C34C6 /* GameView.swift in Sources */,
				AD8054152BE815A100046255 /* DogHousesApp.swift in Sources */,
			);
			runOnlyForDeploymentPostprocessing = 0;
		};
/* End PBXSourcesBuildPhase section */

/* Begin XCBuildConfiguration section */
		AD80541D2BE815A200046255 /* Debug */ = {
			isa = XCBuildConfiguration;
			buildSettings = {
				ALWAYS_SEARCH_USER_PATHS = NO;
				ASSETCATALOG_COMPILER_GENERATE_SWIFT_ASSET_SYMBOL_EXTENSIONS = YES;
				CLANG_ANALYZER_NONNULL = YES;
				CLANG_ANALYZER_NUMBER_OBJECT_CONVERSION = YES_AGGRESSIVE;
				CLANG_CXX_LANGUAGE_STANDARD = "gnu++20";
				CLANG_ENABLE_MODULES = YES;
				CLANG_ENABLE_OBJC_ARC = YES;
				CLANG_ENABLE_OBJC_WEAK = YES;
				CLANG_WARN_BLOCK_CAPTURE_AUTORELEASING = YES;
				CLANG_WARN_BOOL_CONVERSION = YES;
				CLANG_WARN_COMMA = YES;
				CLANG_WARN_CONSTANT_CONVERSION = YES;
				CLANG_WARN_DEPRECATED_OBJC_IMPLEMENTATIONS = YES;
				CLANG_WARN_DIRECT_OBJC_ISA_USAGE = YES_ERROR;
				CLANG_WARN_DOCUMENTATION_COMMENTS = YES;
				CLANG_WARN_EMPTY_BODY = YES;
				CLANG_WARN_ENUM_CONVERSION = YES;
				CLANG_WARN_INFINITE_RECURSION = YES;
				CLANG_WARN_INT_CONVERSION = YES;
				CLANG_WARN_NON_LITERAL_NULL_CONVERSION = YES;
				CLANG_WARN_OBJC_IMPLICIT_RETAIN_SELF = YES;
				CLANG_WARN_OBJC_LITERAL_CONVERSION = YES;
				CLANG_WARN_OBJC_ROOT_CLASS = YES_ERROR;
				CLANG_WARN_QUOTED_INCLUDE_IN_FRAMEWORK_HEADER = YES;
				CLANG_WARN_RANGE_LOOP_ANALYSIS = YES;
				CLANG_WARN_STRICT_PROTOTYPES = YES;
				CLANG_WARN_SUSPICIOUS_MOVE = YES;
				CLANG_WARN_UNGUARDED_AVAILABILITY = YES_AGGRESSIVE;
				CLANG_WARN_UNREACHABLE_CODE = YES;
				CLANG_WARN__DUPLICATE_METHOD_MATCH = YES;
				COPY_PHASE_STRIP = NO;
				DEBUG_INFORMATION_FORMAT = dwarf;
				ENABLE_STRICT_OBJC_MSGSEND = YES;
				ENABLE_TESTABILITY = YES;
				ENABLE_USER_SCRIPT_SANDBOXING = YES;
				GCC_C_LANGUAGE_STANDARD = gnu17;
				GCC_DYNAMIC_NO_PIC = NO;
				GCC_NO_COMMON_BLOCKS = YES;
				GCC_OPTIMIZATION_LEVEL = 0;
				GCC_PREPROCESSOR_DEFINITIONS = (
					"DEBUG=1",
					"$(inherited)",
				);
				GCC_WARN_64_TO_32_BIT_CONVERSION = YES;
				GCC_WARN_ABOUT_RETURN_TYPE = YES_ERROR;
				GCC_WARN_UNDECLARED_SELECTOR = YES;
				GCC_WARN_UNINITIALIZED_AUTOS = YES_AGGRESSIVE;
				GCC_WARN_UNUSED_FUNCTION = YES;
				GCC_WARN_UNUSED_VARIABLE = YES;
				IPHONEOS_DEPLOYMENT_TARGET = 17.4;
				LOCALIZATION_PREFERS_STRING_CATALOGS = YES;
				MTL_ENABLE_DEBUG_INFO = INCLUDE_SOURCE;
				MTL_FAST_MATH = YES;
				ONLY_ACTIVE_ARCH = YES;
				SDKROOT = iphoneos;
				SWIFT_ACTIVE_COMPILATION_CONDITIONS = "DEBUG $(inherited)";
				SWIFT_OPTIMIZATION_LEVEL = "-Onone";
			};
			name = Debug;
		};
		AD80541E2BE815A200046255 /* Release */ = {
			isa = XCBuildConfiguration;
			buildSettings = {
				ALWAYS_SEARCH_USER_PATHS = NO;
				ASSETCATALOG_COMPILER_GENERATE_SWIFT_ASSET_SYMBOL_EXTENSIONS = YES;
				CLANG_ANALYZER_NONNULL = YES;
				CLANG_ANALYZER_NUMBER_OBJECT_CONVERSION = YES_AGGRESSIVE;
				CLANG_CXX_LANGUAGE_STANDARD = "gnu++20";
				CLANG_ENABLE_MODULES = YES;
				CLANG_ENABLE_OBJC_ARC = YES;
				CLANG_ENABLE_OBJC_WEAK = YES;
				CLANG_WARN_BLOCK_CAPTURE_AUTORELEASING = YES;
				CLANG_WARN_BOOL_CONVERSION = YES;
				CLANG_WARN_COMMA = YES;
				CLANG_WARN_CONSTANT_CONVERSION = YES;
				CLANG_WARN_DEPRECATED_OBJC_IMPLEMENTATIONS = YES;
				CLANG_WARN_DIRECT_OBJC_ISA_USAGE = YES_ERROR;
				CLANG_WARN_DOCUMENTATION_COMMENTS = YES;
				CLANG_WARN_EMPTY_BODY = YES;
				CLANG_WARN_ENUM_CONVERSION = YES;
				CLANG_WARN_INFINITE_RECURSION = YES;
				CLANG_WARN_INT_CONVERSION = YES;
				CLANG_WARN_NON_LITERAL_NULL_CONVERSION = YES;
				CLANG_WARN_OBJC_IMPLICIT_RETAIN_SELF = YES;
				CLANG_WARN_OBJC_LITERAL_CONVERSION = YES;
				CLANG_WARN_OBJC_ROOT_CLASS = YES_ERROR;
				CLANG_WARN_QUOTED_INCLUDE_IN_FRAMEWORK_HEADER = YES;
				CLANG_WARN_RANGE_LOOP_ANALYSIS = YES;
				CLANG_WARN_STRICT_PROTOTYPES = YES;
				CLANG_WARN_SUSPICIOUS_MOVE = YES;
				CLANG_WARN_UNGUARDED_AVAILABILITY = YES_AGGRESSIVE;
				CLANG_WARN_UNREACHABLE_CODE = YES;
				CLANG_WARN__DUPLICATE_METHOD_MATCH = YES;
				COPY_PHASE_STRIP = NO;
				DEBUG_INFORMATION_FORMAT = "dwarf-with-dsym";
				ENABLE_NS_ASSERTIONS = NO;
				ENABLE_STRICT_OBJC_MSGSEND = YES;
				ENABLE_USER_SCRIPT_SANDBOXING = YES;
				GCC_C_LANGUAGE_STANDARD = gnu17;
				GCC_NO_COMMON_BLOCKS = YES;
				GCC_WARN_64_TO_32_BIT_CONVERSION = YES;
				GCC_WARN_ABOUT_RETURN_TYPE = YES_ERROR;
				GCC_WARN_UNDECLARED_SELECTOR = YES;
				GCC_WARN_UNINITIALIZED_AUTOS = YES_AGGRESSIVE;
				GCC_WARN_UNUSED_FUNCTION = YES;
				GCC_WARN_UNUSED_VARIABLE = YES;
				IPHONEOS_DEPLOYMENT_TARGET = 17.4;
				LOCALIZATION_PREFERS_STRING_CATALOGS = YES;
				MTL_ENABLE_DEBUG_INFO = NO;
				MTL_FAST_MATH = YES;
				SDKROOT = iphoneos;
				SWIFT_COMPILATION_MODE = wholemodule;
				VALIDATE_PRODUCT = YES;
			};
			name = Release;
		};
		AD8054202BE815A200046255 /* Debug */ = {
			isa = XCBuildConfiguration;
			buildSettings = {
				ASSETCATALOG_COMPILER_APPICON_NAME = AppIcon;
				ASSETCATALOG_COMPILER_GLOBAL_ACCENT_COLOR_NAME = AccentColor;
				CODE_SIGN_ENTITLEMENTS = DogHouses/DogHouses.entitlements;
				CODE_SIGN_IDENTITY = "Apple Development";
				CODE_SIGN_STYLE = Automatic;
				CURRENT_PROJECT_VERSION = 1;
				DEVELOPMENT_ASSET_PATHS = "\"DogHouses/Preview Content\"";
				DEVELOPMENT_TEAM = G3332Q8MVD;
				ENABLE_PREVIEWS = YES;
				GENERATE_INFOPLIST_FILE = YES;
				INFOPLIST_FILE = DogHouses/Info.plist;
				INFOPLIST_KEY_CFBundleDisplayName = DogHouses;
				INFOPLIST_KEY_LSApplicationCategoryType = "public.app-category.games";
				INFOPLIST_KEY_UIApplicationSceneManifest_Generation = YES;
				INFOPLIST_KEY_UIApplicationSupportsIndirectInputEvents = YES;
				INFOPLIST_KEY_UILaunchScreen_Generation = YES;
				INFOPLIST_KEY_UISupportedInterfaceOrientations_iPad = "UIInterfaceOrientationPortrait UIInterfaceOrientationPortraitUpsideDown UIInterfaceOrientationLandscapeLeft UIInterfaceOrientationLandscapeRight";
				INFOPLIST_KEY_UISupportedInterfaceOrientations_iPhone = "UIInterfaceOrientationPortrait UIInterfaceOrientationLandscapeLeft UIInterfaceOrientationLandscapeRight";
				IPHONEOS_DEPLOYMENT_TARGET = 15.0;
				LD_RUNPATH_SEARCH_PATHS = (
					"$(inherited)",
					"@executable_path/Frameworks",
				);
				MARKETING_VERSION = 1.0;
				PRODUCT_BUNDLE_IDENTIFIER = drenroyt.BogHouse;
				PRODUCT_NAME = "$(TARGET_NAME)";
				PROVISIONING_PROFILE_SPECIFIER = "";
				SUPPORTED_PLATFORMS = "iphoneos iphonesimulator";
				SUPPORTS_MACCATALYST = NO;
				SUPPORTS_MAC_DESIGNED_FOR_IPHONE_IPAD = NO;
				SUPPORTS_XR_DESIGNED_FOR_IPHONE_IPAD = NO;
				SWIFT_EMIT_LOC_STRINGS = YES;
				SWIFT_VERSION = 5.0;
				TARGETED_DEVICE_FAMILY = 1;
			};
			name = Debug;
		};
		AD8054212BE815A200046255 /* Release */ = {
			isa = XCBuildConfiguration;
			buildSettings = {
				ASSETCATALOG_COMPILER_APPICON_NAME = AppIcon;
				ASSETCATALOG_COMPILER_GLOBAL_ACCENT_COLOR_NAME = AccentColor;
				CODE_SIGN_ENTITLEMENTS = DogHouses/DogHouses.entitlements;
				CODE_SIGN_IDENTITY = "Apple Development";
				CODE_SIGN_STYLE = Automatic;
				CURRENT_PROJECT_VERSION = 1;
				DEVELOPMENT_ASSET_PATHS = "\"DogHouses/Preview Content\"";
				DEVELOPMENT_TEAM = G3332Q8MVD;
				ENABLE_PREVIEWS = YES;
				GENERATE_INFOPLIST_FILE = YES;
				INFOPLIST_FILE = DogHouses/Info.plist;
				INFOPLIST_KEY_CFBundleDisplayName = DogHouses;
				INFOPLIST_KEY_LSApplicationCategoryType = "public.app-category.games";
				INFOPLIST_KEY_UIApplicationSceneManifest_Generation = YES;
				INFOPLIST_KEY_UIApplicationSupportsIndirectInputEvents = YES;
				INFOPLIST_KEY_UILaunchScreen_Generation = YES;
				INFOPLIST_KEY_UISupportedInterfaceOrientations_iPad = "UIInterfaceOrientationPortrait UIInterfaceOrientationPortraitUpsideDown UIInterfaceOrientationLandscapeLeft UIInterfaceOrientationLandscapeRight";
				INFOPLIST_KEY_UISupportedInterfaceOrientations_iPhone = "UIInterfaceOrientationPortrait UIInterfaceOrientationLandscapeLeft UIInterfaceOrientationLandscapeRight";
				IPHONEOS_DEPLOYMENT_TARGET = 15.0;
				LD_RUNPATH_SEARCH_PATHS = (
					"$(inherited)",
					"@executable_path/Frameworks",
				);
				MARKETING_VERSION = 1.0;
				PRODUCT_BUNDLE_IDENTIFIER = drenroyt.BogHouse;
				PRODUCT_NAME = "$(TARGET_NAME)";
				PROVISIONING_PROFILE_SPECIFIER = "";
				SUPPORTED_PLATFORMS = "iphoneos iphonesimulator";
				SUPPORTS_MACCATALYST = NO;
				SUPPORTS_MAC_DESIGNED_FOR_IPHONE_IPAD = NO;
				SUPPORTS_XR_DESIGNED_FOR_IPHONE_IPAD = NO;
				SWIFT_EMIT_LOC_STRINGS = YES;
				SWIFT_VERSION = 5.0;
				TARGETED_DEVICE_FAMILY = 1;
			};
			name = Release;
		};
/* End XCBuildConfiguration section */

/* Begin XCConfigurationList section */
		AD80540C2BE815A100046255 /* Build configuration list for PBXProject "DogHouses" */ = {
			isa = XCConfigurationList;
			buildConfigurations = (
				AD80541D2BE815A200046255 /* Debug */,
				AD80541E2BE815A200046255 /* Release */,
			);
			defaultConfigurationIsVisible = 0;
			defaultConfigurationName = Release;
		};
		AD80541F2BE815A200046255 /* Build configuration list for PBXNativeTarget "DogHouses" */ = {
			isa = XCConfigurationList;
			buildConfigurations = (
				AD8054202BE815A200046255 /* Debug */,
				AD8054212BE815A200046255 /* Release */,
			);
			defaultConfigurationIsVisible = 0;
			defaultConfigurationName = Release;
		};
/* End XCConfigurationList section */

/* Begin XCRemoteSwiftPackageReference section */
		AD8054222BE81CCF00046255 /* XCRemoteSwiftPackageReference "firebase-ios-sdk" */ = {
			isa = XCRemoteSwiftPackageReference;
			repositoryURL = "https://github.com/firebase/firebase-ios-sdk.git";
			requirement = {
				kind = upToNextMajorVersion;
				minimumVersion = 10.25.0;
			};
		};
/* End XCRemoteSwiftPackageReference section */

/* Begin XCSwiftPackageProductDependency section */
		AD8054232BE81CCF00046255 /* FirebaseAnalytics */ = {
			isa = XCSwiftPackageProductDependency;
			package = AD8054222BE81CCF00046255 /* XCRemoteSwiftPackageReference "firebase-ios-sdk" */;
			productName = FirebaseAnalytics;
		};
		AD8054252BE81CCF00046255 /* FirebaseCrashlytics */ = {
			isa = XCSwiftPackageProductDependency;
			package = AD8054222BE81CCF00046255 /* XCRemoteSwiftPackageReference "firebase-ios-sdk" */;
			productName = FirebaseCrashlytics;
		};
		AD8054272BE81CCF00046255 /* FirebaseMessaging */ = {
			isa = XCSwiftPackageProductDependency;
			package = AD8054222BE81CCF00046255 /* XCRemoteSwiftPackageReference "firebase-ios-sdk" */;
			productName = FirebaseMessaging;
		};
		AD8054292BE81CCF00046255 /* FirebaseRemoteConfig */ = {
			isa = XCSwiftPackageProductDependency;
			package = AD8054222BE81CCF00046255 /* XCRemoteSwiftPackageReference "firebase-ios-sdk" */;
			productName = FirebaseRemoteConfig;
		};
/* End XCSwiftPackageProductDependency section */
	};
	rootObject = AD8054092BE815A100046255 /* Project object */;
}
